
Microsoft Visual Studio Solution File, Format Version 11.00
# Visual Studio 2010
Project("{FAE04EC0-301F-11D3-BF4B-00C04F79EFBC}") = "Nyangoro.Core", "NyangoroPresenter\Nyangoro.Core.csproj", "{46F15D85-9EFE-4076-9F02-1694B209F61B}"
EndProject
Project("{FAE04EC0-301F-11D3-BF4B-00C04F79EFBC}") = "Nyangoro.Interfaces", "Nyangoro.Interfaces\Nyangoro.Interfaces.csproj", "{FC46B5D2-CF79-4D5B-B98F-5D0F47B42C9A}"
EndProject
Project("{FAE04EC0-301F-11D3-BF4B-00C04F79EFBC}") = "Nyangoro.Services", "Nyangoro.Services\Nyangoro.Services.csproj", "{86EB41ED-7B25-4FD0-A0D7-AAEC9404E908}"
EndProject
Project("{FAE04EC0-301F-11D3-BF4B-00C04F79EFBC}") = "Nyangoro.Plugins.MediaPlayer", "MediaPlayer\Nyangoro.Plugins.MediaPlayer.csproj", "{B3C9689A-FCD9-4CC4-A8BF-6187E4209391}"
EndProject
Project("{FAE04EC0-301F-11D3-BF4B-00C04F79EFBC}") = "Nyangoro.Plugins.SamplePlugin", "Nyangoro.Plugins.SamplePlugin\Nyangoro.Plugins.SamplePlugin.csproj", "{B22C4BFD-4580-4B64-A2FB-DA5DDCF7BCB2}"
EndProject
Project("{FAE04EC0-301F-11D3-BF4B-00C04F79EFBC}") = "Nyangoro.Plugins.ProgrammeMessenger", "Nyangoro.Plugins.ProgrammeMessenger\Nyangoro.Plugins.ProgrammeMessenger.csproj", "{F70479DA-E1B4-4251-90CA-179A8E34E5FA}"
EndProject
Project("{FAE04EC0-301F-11D3-BF4B-00C04F79EFBC}") = "Nyangoro.Plugins.Clock", "Nyangoro.Plugins.Clock\Nyangoro.Plugins.Clock.csproj", "{98DD1E37-6D21-4894-980F-4D8AF5DFD2B7}"
EndProject
Global
	GlobalSection(SolutionConfigurationPlatforms) = preSolution
		Debug|Any CPU = Debug|Any CPU
		Debug|Mixed Platforms = Debug|Mixed Platforms
		Debug|x86 = Debug|x86
		Release|Any CPU = Release|Any CPU
		Release|Mixed Platforms = Release|Mixed Platforms
		Release|x86 = Release|x86
	EndGlobalSection
	GlobalSection(ProjectConfigurationPlatforms) = postSolution
		{46F15D85-9EFE-4076-9F02-1694B209F61B}.Debug|Any CPU.ActiveCfg = Debug|x86
		{46F15D85-9EFE-4076-9F02-1694B209F61B}.Debug|Mixed Platforms.ActiveCfg = Debug|x86
		{46F15D85-9EFE-4076-9F02-1694B209F61B}.Debug|Mixed Platforms.Build.0 = Debug|x86
		{46F15D85-9EFE-4076-9F02-1694B209F61B}.Debug|x86.ActiveCfg = Debug|x86
		{46F15D85-9EFE-4076-9F02-1694B209F61B}.Debug|x86.Build.0 = Debug|x86
		{46F15D85-9EFE-4076-9F02-1694B209F61B}.Release|Any CPU.ActiveCfg = Release|x86
		{46F15D85-9EFE-4076-9F02-1694B209F61B}.Release|Mixed Platforms.ActiveCfg = Release|x86
		{46F15D85-9EFE-4076-9F02-1694B209F61B}.Release|Mixed Platforms.Build.0 = Release|x86
		{46F15D85-9EFE-4076-9F02-1694B209F61B}.Release|x86.ActiveCfg = Release|x86
		{46F15D85-9EFE-4076-9F02-1694B209F61B}.Release|x86.Build.0 = Release|x86
		{FC46B5D2-CF79-4D5B-B98F-5D0F47B42C9A}.Debug|Any CPU.ActiveCfg = Debug|Any CPU
		{FC46B5D2-CF79-4D5B-B98F-5D0F47B42C9A}.Debug|Any CPU.Build.0 = Debug|Any CPU
		{FC46B5D2-CF79-4D5B-B98F-5D0F47B42C9A}.Debug|Mixed Platforms.ActiveCfg = Debug|Any CPU
		{FC46B5D2-CF79-4D5B-B98F-5D0F47B42C9A}.Debug|Mixed Platforms.Build.0 = Debug|Any CPU
		{FC46B5D2-CF79-4D5B-B98F-5D0F47B42C9A}.Debug|x86.ActiveCfg = Debug|Any CPU
		{FC46B5D2-CF79-4D5B-B98F-5D0F47B42C9A}.Release|Any CPU.ActiveCfg = Release|Any CPU
		{FC46B5D2-CF79-4D5B-B98F-5D0F47B42C9A}.Release|Any CPU.Build.0 = Release|Any CPU
		{FC46B5D2-CF79-4D5B-B98F-5D0F47B42C9A}.Release|Mixed Platforms.ActiveCfg = Release|x86
		{FC46B5D2-CF79-4D5B-B98F-5D0F47B42C9A}.Release|Mixed Platforms.Build.0 = Release|x86
		{FC46B5D2-CF79-4D5B-B98F-5D0F47B42C9A}.Release|x86.ActiveCfg = Release|x86
		{FC46B5D2-CF79-4D5B-B98F-5D0F47B42C9A}.Release|x86.Build.0 = Release|x86
		{86EB41ED-7B25-4FD0-A0D7-AAEC9404E908}.Debug|Any CPU.ActiveCfg = Debug|Any CPU
		{86EB41ED-7B25-4FD0-A0D7-AAEC9404E908}.Debug|Any CPU.Build.0 = Debug|Any CPU
		{86EB41ED-7B25-4FD0-A0D7-AAEC9404E908}.Debug|Mixed Platforms.ActiveCfg = Debug|Any CPU
		{86EB41ED-7B25-4FD0-A0D7-AAEC9404E908}.Debug|Mixed Platforms.Build.0 = Debug|Any CPU
		{86EB41ED-7B25-4FD0-A0D7-AAEC9404E908}.Debug|x86.ActiveCfg = Debug|Any CPU
		{86EB41ED-7B25-4FD0-A0D7-AAEC9404E908}.Release|Any CPU.ActiveCfg = Release|Any CPU
		{86EB41ED-7B25-4FD0-A0D7-AAEC9404E908}.Release|Any CPU.Build.0 = Release|Any CPU
		{86EB41ED-7B25-4FD0-A0D7-AAEC9404E908}.Release|Mixed Platforms.ActiveCfg = Release|x86
		{86EB41ED-7B25-4FD0-A0D7-AAEC9404E908}.Release|Mixed Platforms.Build.0 = Release|x86
		{86EB41ED-7B25-4FD0-A0D7-AAEC9404E908}.Release|x86.ActiveCfg = Release|x86
		{86EB41ED-7B25-4FD0-A0D7-AAEC9404E908}.Release|x86.Build.0 = Release|x86
		{B3C9689A-FCD9-4CC4-A8BF-6187E4209391}.Debug|Any CPU.ActiveCfg = Debug|Any CPU
		{B3C9689A-FCD9-4CC4-A8BF-6187E4209391}.Debug|Any CPU.Build.0 = Debug|Any CPU
		{B3C9689A-FCD9-4CC4-A8BF-6187E4209391}.Debug|Mixed Platforms.ActiveCfg = Debug|Any CPU
		{B3C9689A-FCD9-4CC4-A8BF-6187E4209391}.Debug|Mixed Platforms.Build.0 = Debug|Any CPU
		{B3C9689A-FCD9-4CC4-A8BF-6187E4209391}.Debug|x86.ActiveCfg = Debug|Any CPU
		{B3C9689A-FCD9-4CC4-A8BF-6187E4209391}.Release|Any CPU.ActiveCfg = Release|Any CPU
		{B3C9689A-FCD9-4CC4-A8BF-6187E4209391}.Release|Any CPU.Build.0 = Release|Any CPU
		{B3C9689A-FCD9-4CC4-A8BF-6187E4209391}.Release|Mixed Platforms.ActiveCfg = Release|x86
		{B3C9689A-FCD9-4CC4-A8BF-6187E4209391}.Release|Mixed Platforms.Build.0 = Release|x86
		{B3C9689A-FCD9-4CC4-A8BF-6187E4209391}.Release|x86.ActiveCfg = Release|x86
		{B3C9689A-FCD9-4CC4-A8BF-6187E4209391}.Release|x86.Build.0 = Release|x86
		{B22C4BFD-4580-4B64-A2FB-DA5DDCF7BCB2}.Debug|Any CPU.ActiveCfg = Debug|Any CPU
		{B22C4BFD-4580-4B64-A2FB-DA5DDCF7BCB2}.Debug|Any CPU.Build.0 = Debug|Any CPU
		{B22C4BFD-4580-4B64-A2FB-DA5DDCF7BCB2}.Debug|Mixed Platforms.ActiveCfg = Debug|Any CPU
		{B22C4BFD-4580-4B64-A2FB-DA5DDCF7BCB2}.Debug|Mixed Platforms.Build.0 = Debug|Any CPU
		{B22C4BFD-4580-4B64-A2FB-DA5DDCF7BCB2}.Debug|x86.ActiveCfg = Debug|Any CPU
		{B22C4BFD-4580-4B64-A2FB-DA5DDCF7BCB2}.Release|Any CPU.ActiveCfg = Release|Any CPU
		{B22C4BFD-4580-4B64-A2FB-DA5DDCF7BCB2}.Release|Any CPU.Build.0 = Release|Any CPU
		{B22C4BFD-4580-4B64-A2FB-DA5DDCF7BCB2}.Release|Mixed Platforms.ActiveCfg = Release|x86
		{B22C4BFD-4580-4B64-A2FB-DA5DDCF7BCB2}.Release|Mixed Platforms.Build.0 = Release|x86
		{B22C4BFD-4580-4B64-A2FB-DA5DDCF7BCB2}.Release|x86.ActiveCfg = Release|x86
		{F70479DA-E1B4-4251-90CA-179A8E34E5FA}.Debug|Any CPU.ActiveCfg = Debug|Any CPU
		{F70479DA-E1B4-4251-90CA-179A8E34E5FA}.Debug|Any CPU.Build.0 = Debug|Any CPU
		{F70479DA-E1B4-4251-90CA-179A8E34E5FA}.Debug|Mixed Platforms.ActiveCfg = Debug|Any CPU
		{F70479DA-E1B4-4251-90CA-179A8E34E5FA}.Debug|Mixed Platforms.Build.0 = Debug|Any CPU
		{F70479DA-E1B4-4251-90CA-179A8E34E5FA}.Debug|x86.ActiveCfg = Debug|Any CPU
		{F70479DA-E1B4-4251-90CA-179A8E34E5FA}.Release|Any CPU.ActiveCfg = Release|Any CPU
		{F70479DA-E1B4-4251-90CA-179A8E34E5FA}.Release|Any CPU.Build.0 = Release|Any CPU
		{F70479DA-E1B4-4251-90CA-179A8E34E5FA}.Release|Mixed Platforms.ActiveCfg = Release|x86
		{F70479DA-E1B4-4251-90CA-179A8E34E5FA}.Release|Mixed Platforms.Build.0 = Release|x86
		{F70479DA-E1B4-4251-90CA-179A8E34E5FA}.Release|x86.ActiveCfg = Release|x86
		{F70479DA-E1B4-4251-90CA-179A8E34E5FA}.Release|x86.Build.0 = Release|x86
		{98DD1E37-6D21-4894-980F-4D8AF5DFD2B7}.Debug|Any CPU.ActiveCfg = Debug|Any CPU
		{98DD1E37-6D21-4894-980F-4D8AF5DFD2B7}.Debug|Any CPU.Build.0 = Debug|Any CPU
		{98DD1E37-6D21-4894-980F-4D8AF5DFD2B7}.Debug|Mixed Platforms.ActiveCfg = Debug|Any CPU
		{98DD1E37-6D21-4894-980F-4D8AF5DFD2B7}.Debug|Mixed Platforms.Build.0 = Debug|Any CPU
		{98DD1E37-6D21-4894-980F-4D8AF5DFD2B7}.Debug|x86.ActiveCfg = Debug|Any CPU
		{98DD1E37-6D21-4894-980F-4D8AF5DFD2B7}.Release|Any CPU.ActiveCfg = Release|Any CPU
		{98DD1E37-6D21-4894-980F-4D8AF5DFD2B7}.Release|Any CPU.Build.0 = Release|Any CPU
		{98DD1E37-6D21-4894-980F-4D8AF5DFD2B7}.Release|Mixed Platforms.ActiveCfg = Release|Any CPU
		{98DD1E37-6D21-4894-980F-4D8AF5DFD2B7}.Release|Mixed Platforms.Build.0 = Release|Any CPU
		{98DD1E37-6D21-4894-980F-4D8AF5DFD2B7}.Release|x86.ActiveCfg = Release|x86
		{98DD1E37-6D21-4894-980F-4D8AF5DFD2B7}.Release|x86.Build.0 = Release|x86
	EndGlobalSection
	GlobalSection(SolutionProperties) = preSolution
		HideSolutionNode = FALSE
	EndGlobalSection
EndGlobal
